
Microsoft Visual Studio Solution File, Format Version 12.00
# Visual Studio 15
VisualStudioVersion = 15.0.28307.757
MinimumVisualStudioVersion = 10.0.40219.1
Project("{FAE04EC0-301F-11D3-BF4B-00C04F79EFBC}") = "Assigment2FaithLoredo", "Assigment2FaithLoredo\Assigment2FaithLoredo.csproj", "{40F88F22-8072-41DC-86A8-A9A22B2038A0}"
EndProject
Global
	GlobalSection(SolutionConfigurationPlatforms) = preSolution
		Debug|Any CPU = Debug|Any CPU
		Release|Any CPU = Release|Any CPU
	EndGlobalSection
	GlobalSection(ProjectConfigurationPlatforms) = postSolution
		{40F88F22-8072-41DC-86A8-A9A22B2038A0}.Debug|Any CPU.ActiveCfg = Debug|Any CPU
		{40F88F22-8072-41DC-86A8-A9A22B2038A0}.Debug|Any CPU.Build.0 = Debug|Any CPU
		{40F88F22-8072-41DC-86A8-A9A22B2038A0}.Release|Any CPU.ActiveCfg = Release|Any CPU
		{40F88F22-8072-41DC-86A8-A9A22B2038A0}.Release|Any CPU.Build.0 = Release|Any CPU
	EndGlobalSection
	GlobalSection(SolutionProperties) = preSolution
		HideSolutionNode = FALSE
	EndGlobalSection
	GlobalSection(ExtensibilityGlobals) = postSolution
		SolutionGuid = {41A76900-7496-4B14-B905-EA68FD7CE9AF}
	EndGlobalSection
EndGlobal
